
Microsoft Visual Studio Solution File, Format Version 12.00
# Visual Studio 2013
VisualStudioVersion = 12.0.31101.0
MinimumVisualStudioVersion = 10.0.40219.1
Project("{FAE04EC0-301F-11D3-BF4B-00C04F79EFBC}") = "SportsTeamManager", "SportsTeamManager\SportsTeamManager.csproj", "{38FBA26E-5CCC-4679-BAEA-37CB757E6FFB}"
EndProject
Project("{FAE04EC0-301F-11D3-BF4B-00C04F79EFBC}") = "UnitTestSportsManager", "UnitTestSportsManager\UnitTestSportsManager.csproj", "{B6BEDF16-838A-453D-8300-76BA3BEFB569}"
EndProject
Project("{CC5FD16D-436D-48AD-A40C-5A424C6E3E79}") = "SportsTeamManager.Azure", "SportsTeamManager.Azure\SportsTeamManager.Azure.ccproj", "{B85FD0AA-1628-42F8-AC94-305A30F4C39C}"
EndProject
Global
	GlobalSection(SolutionConfigurationPlatforms) = preSolution
		Debug|Any CPU = Debug|Any CPU
		Release|Any CPU = Release|Any CPU
	EndGlobalSection
	GlobalSection(ProjectConfigurationPlatforms) = postSolution
		{38FBA26E-5CCC-4679-BAEA-37CB757E6FFB}.Debug|Any CPU.ActiveCfg = Debug|Any CPU
		{38FBA26E-5CCC-4679-BAEA-37CB757E6FFB}.Debug|Any CPU.Build.0 = Debug|Any CPU
		{38FBA26E-5CCC-4679-BAEA-37CB757E6FFB}.Release|Any CPU.ActiveCfg = Release|Any CPU
		{38FBA26E-5CCC-4679-BAEA-37CB757E6FFB}.Release|Any CPU.Build.0 = Release|Any CPU
		{B6BEDF16-838A-453D-8300-76BA3BEFB569}.Debug|Any CPU.ActiveCfg = Debug|Any CPU
		{B6BEDF16-838A-453D-8300-76BA3BEFB569}.Debug|Any CPU.Build.0 = Debug|Any CPU
		{B6BEDF16-838A-453D-8300-76BA3BEFB569}.Release|Any CPU.ActiveCfg = Release|Any CPU
		{B6BEDF16-838A-453D-8300-76BA3BEFB569}.Release|Any CPU.Build.0 = Release|Any CPU
		{B85FD0AA-1628-42F8-AC94-305A30F4C39C}.Debug|Any CPU.ActiveCfg = Debug|Any CPU
		{B85FD0AA-1628-42F8-AC94-305A30F4C39C}.Debug|Any CPU.Build.0 = Debug|Any CPU
		{B85FD0AA-1628-42F8-AC94-305A30F4C39C}.Release|Any CPU.ActiveCfg = Release|Any CPU
		{B85FD0AA-1628-42F8-AC94-305A30F4C39C}.Release|Any CPU.Build.0 = Release|Any CPU
	EndGlobalSection
	GlobalSection(SolutionProperties) = preSolution
		HideSolutionNode = FALSE
	EndGlobalSection
EndGlobal
